
Microsoft Visual Studio Solution File, Format Version 12.00
# Visual Studio Version 17
VisualStudioVersion = 17.5.002.0
MinimumVisualStudioVersion = 10.0.40219.1
Project("{9A19103F-16F7-4668-BE54-9A1E7A4F7556}") = "Console_webapi", "Console_webapi.csproj", "{A8AF6342-C5D4-4101-8D28-D3E2F5C3D843}"
EndProject
Global
	GlobalSection(SolutionConfigurationPlatforms) = preSolution
		Debug|Any CPU = Debug|Any CPU
		Release|Any CPU = Release|Any CPU
	EndGlobalSection
	GlobalSection(ProjectConfigurationPlatforms) = postSolution
		{A8AF6342-C5D4-4101-8D28-D3E2F5C3D843}.Debug|Any CPU.ActiveCfg = Debug|Any CPU
		{A8AF6342-C5D4-4101-8D28-D3E2F5C3D843}.Debug|Any CPU.Build.0 = Debug|Any CPU
		{A8AF6342-C5D4-4101-8D28-D3E2F5C3D843}.Release|Any CPU.ActiveCfg = Release|Any CPU
		{A8AF6342-C5D4-4101-8D28-D3E2F5C3D843}.Release|Any CPU.Build.0 = Release|Any CPU
	EndGlobalSection
	GlobalSection(SolutionProperties) = preSolution
		HideSolutionNode = FALSE
	EndGlobalSection
	GlobalSection(ExtensibilityGlobals) = postSolution
		SolutionGuid = {1EF24F0C-1F44-4569-9386-3E44B47B9B79}
	EndGlobalSection
EndGlobal
